# THIS IS AN AUTOGENERATED FILE. DO NOT EDIT THIS FILE DIRECTLY.
# yarn lockfile v1


"@fortawesome/fontawesome-common-types@^0.2.36":
  version "0.2.36"
  resolved "https://registry.nlark.com/@fortawesome/fontawesome-common-types/download/@fortawesome/fontawesome-common-types-0.2.36.tgz#b44e52db3b6b20523e0c57ef8c42d315532cb903"
  integrity sha1-tE5S2ztrIFI+DFfvjELTFVMsuQM=

"@fortawesome/free-solid-svg-icons@^5.15.3":
  version "5.15.4"
  resolved "https://registry.nlark.com/@fortawesome/free-solid-svg-icons/download/@fortawesome/free-solid-svg-icons-5.15.4.tgz#2a68f3fc3ddda12e52645654142b9e4e8fbb6cc5"
  integrity sha1-Kmjz/D3doS5SZFZUFCueTo+7bMU=
  dependencies:
    "@fortawesome/fontawesome-common-types" "^0.2.36"

anymatch@~3.1.2:
  version "3.1.2"
  resolved "https://registry.nlark.com/anymatch/download/anymatch-3.1.2.tgz#c0557c096af32f106198f4f4e2a383537e378716"
  integrity sha1-wFV8CWrzLxBhmPT04qODU343hxY=
  dependencies:
    normalize-path "^3.0.0"
    picomatch "^2.0.4"

binary-extensions@^2.0.0:
  version "2.2.0"
  resolved "https://registry.nlark.com/binary-extensions/download/binary-extensions-2.2.0.tgz#75f502eeaf9ffde42fc98829645be4ea76bd9e2d"
  integrity sha1-dfUC7q+f/eQvyYgpZFvk6na9ni0=

braces@~3.0.2:
  version "3.0.2"
  resolved "https://registry.nlark.com/braces/download/braces-3.0.2.tgz#3454e1a462ee8d599e236df336cd9ea4f8afe107"
  integrity sha1-NFThpGLujVmeI23zNs2epPiv4Qc=
  dependencies:
    fill-range "^7.0.1"

"chokidar@>=3.0.0 <4.0.0":
  version "3.5.2"
  resolved "https://registry.nlark.com/chokidar/download/chokidar-3.5.2.tgz?cache=0&sync_timestamp=1623763535523&other_urls=https%3A%2F%2Fregistry.nlark.com%2Fchokidar%2Fdownload%2Fchokidar-3.5.2.tgz#dba3976fcadb016f66fd365021d91600d01c1e75"
  integrity sha1-26OXb8rbAW9m/TZQIdkWANAcHnU=
  dependencies:
    anymatch "~3.1.2"
    braces "~3.0.2"
    glob-parent "~5.1.2"
    is-binary-path "~2.1.0"
    is-glob "~4.0.1"
    normalize-path "~3.0.0"
    readdirp "~3.6.0"
  optionalDependencies:
    fsevents "~2.3.2"

cookie-storage@^6.1.0:
  version "6.1.0"
  resolved "https://registry.nlark.com/cookie-storage/download/cookie-storage-6.1.0.tgz#291b2f662d961be44f999626593421cbfcf23790"
  integrity sha1-KRsvZi2WG+RPmZYmWTQhy/zyN5A=

copy-text-to-clipboard@^3.0.1:
  version "3.0.1"
  resolved "https://registry.npm.taobao.org/copy-text-to-clipboard/download/copy-text-to-clipboard-3.0.1.tgz#8cbf8f90e0a47f12e4a24743736265d157bce69c"
  integrity sha1-jL+PkOCkfxLkokdDc2Jl0Ve85pw=

core-js@^3.11.0:
  version "3.19.1"
  resolved "https://registry.npmmirror.com/core-js/download/core-js-3.19.1.tgz#f6f173cae23e73a7d88fa23b6e9da329276c6641"
  integrity sha1-9vFzyuI+c6fYj6I7bp2jKSdsZkE=

fill-range@^7.0.1:
  version "7.0.1"
  resolved "https://registry.nlark.com/fill-range/download/fill-range-7.0.1.tgz#1919a6a7c75fe38b2c7c77e5198535da9acdda40"
  integrity sha1-GRmmp8df44ssfHflGYU12prN2kA=
  dependencies:
    to-regex-range "^5.0.1"

fsevents@~2.3.2:
  version "2.3.2"
  resolved "https://registry.npmmirror.com/fsevents/download/fsevents-2.3.2.tgz#8a526f78b8fdf4623b709e0b975c52c24c02fd1a"
  integrity sha1-ilJveLj99GI7cJ4Ll1xSwkwC/Ro=

glob-parent@~5.1.2:
  version "5.1.2"
  resolved "https://registry.npmmirror.com/glob-parent/download/glob-parent-5.1.2.tgz?cache=0&sync_timestamp=1632954501757&other_urls=https%3A%2F%2Fregistry.npmmirror.com%2Fglob-parent%2Fdownload%2Fglob-parent-5.1.2.tgz#869832c58034fe68a4093c17dc15e8340d8401c4"
  integrity sha1-hpgyxYA0/mikCTwX3BXoNA2EAcQ=
  dependencies:
    is-glob "^4.0.1"

is-binary-path@~2.1.0:
  version "2.1.0"
  resolved "https://registry.nlark.com/is-binary-path/download/is-binary-path-2.1.0.tgz#ea1f7f3b80f064236e83470f86c09c254fb45b09"
  integrity sha1-6h9/O4DwZCNug0cPhsCcJU+0Wwk=
  dependencies:
    binary-extensions "^2.0.0"

is-extglob@^2.1.1:
  version "2.1.1"
  resolved "https://registry.nlark.com/is-extglob/download/is-extglob-2.1.1.tgz#a88c02535791f02ed37c76a1b9ea9773c833f8c2"
  integrity sha1-qIwCU1eR8C7TfHahueqXc8gz+MI=

is-glob@^4.0.1, is-glob@~4.0.1:
  version "4.0.3"
  resolved "https://registry.npmmirror.com/is-glob/download/is-glob-4.0.3.tgz?cache=0&sync_timestamp=1632934586547&other_urls=https%3A%2F%2Fregistry.npmmirror.com%2Fis-glob%2Fdownload%2Fis-glob-4.0.3.tgz#64f61e42cbbb2eec2071a9dac0b28ba1e65d5084"
  integrity sha1-ZPYeQsu7LuwgcanawLKLoeZdUIQ=
  dependencies:
    is-extglob "^2.1.1"

is-number@^7.0.0:
  version "7.0.0"
  resolved "https://registry.nlark.com/is-number/download/is-number-7.0.0.tgz#7535345b896734d5f80c4d06c50955527a14f12b"
  integrity sha1-dTU0W4lnNNX4DE0GxQlVUnoU8Ss=

jweixin-module@^1.6.0:
  version "1.6.0"
  resolved "https://registry.npm.taobao.org/jweixin-module/download/jweixin-module-1.6.0.tgz#4a7ea614083e3c9c3f49e2fdc2bb882cfa58dfcd"
  integrity sha1-Sn6mFAg+PJw/SeL9wruILPpY380=

mutation-observer@^1.0.3:
  version "1.0.3"
  resolved "https://registry.npm.taobao.org/mutation-observer/download/mutation-observer-1.0.3.tgz#42e9222b101bca82e5ba9d5a7acf4a14c0f263d0"
  integrity sha1-QukiKxAbyoLlup1aes9KFMDyY9A=

normalize-path@^3.0.0, normalize-path@~3.0.0:
  version "3.0.0"
  resolved "https://registry.nlark.com/normalize-path/download/normalize-path-3.0.0.tgz#0dcd69ff23a1c9b11fd0978316644a0388216a65"
  integrity sha1-Dc1p/yOhybEf0JeDFmRKA4ghamU=

picomatch@^2.0.4, picomatch@^2.2.1:
  version "2.3.0"
  resolved "https://registry.nlark.com/picomatch/download/picomatch-2.3.0.tgz?cache=0&other_urls=https%3A%2F%2Fregistry.nlark.com%2Fpicomatch%2Fdownload%2Fpicomatch-2.3.0.tgz#f1f061de8f6a4bf022892e2d128234fb98302972"
  integrity sha1-8fBh3o9qS/AiiS4tEoI0+5gwKXI=

readdirp@~3.6.0:
  version "3.6.0"
  resolved "https://registry.nlark.com/readdirp/download/readdirp-3.6.0.tgz#74a370bd857116e245b29cc97340cd431a02a6c7"
  integrity sha1-dKNwvYVxFuJFspzJc0DNQxoCpsc=
  dependencies:
    picomatch "^2.2.1"

sass@^1.43.4:
  version "1.43.4"
  resolved "https://registry.npmmirror.com/sass/download/sass-1.43.4.tgz#68c7d6a1b004bef49af0d9caf750e9b252105d1f"
  integrity sha1-aMfWobAEvvSa8NnK91DpslIQXR8=
  dependencies:
    chokidar ">=3.0.0 <4.0.0"

svelte-fa@^2.2.1:
  version "2.3.3"
  resolved "https://registry.nlark.com/svelte-fa/download/svelte-fa-2.3.3.tgz#b136b32f397ec64fb708b8a6ff5578bdd65f5be7"
  integrity sha1-sTazLzl+xk+3CLim/1V4vdZfW+c=

to-regex-range@^5.0.1:
  version "5.0.1"
  resolved "https://registry.nlark.com/to-regex-range/download/to-regex-range-5.0.1.tgz#1648c44aae7c8d988a326018ed72f5b4dd0392e4"
  integrity sha1-FkjESq58jZiKMmAY7XL1tN0DkuQ=
  dependencies:
    is-number "^7.0.0"

uni-read-pages@^1.0.5:
  version "1.0.5"
  resolved "https://registry.npm.taobao.org/uni-read-pages/download/uni-read-pages-1.0.5.tgz#452c8dcaa8977bbaef600909be926c8d9704387c"
  integrity sha1-RSyNyqiXe7rvYAkJvpJsjZcEOHw=

uni-simple-router@^2.0.6:
  version "2.0.7"
  resolved "https://registry.nlark.com/uni-simple-router/download/uni-simple-router-2.0.7.tgz#04e0b5be6cd733a1ecb9d35a3dbe82f27f48204e"
  integrity sha1-BOC1vmzXM6HsudNaPb6C8n9IIE4=

vconsole@^3.7.0:
  version "3.9.4"
  resolved "https://registry.npmmirror.com/vconsole/download/vconsole-3.9.4.tgz?cache=0&sync_timestamp=1635252962357&other_urls=https%3A%2F%2Fregistry.npmmirror.com%2Fvconsole%2Fdownload%2Fvconsole-3.9.4.tgz#a54356b12fc63456503762f687a65f9c470f968d"
  integrity sha1-pUNWsS/GNFZQN2L2h6ZfnEcPlo0=
  dependencies:
    "@fortawesome/free-solid-svg-icons" "^5.15.3"
    cookie-storage "^6.1.0"
    copy-text-to-clipboard "^3.0.1"
    core-js "^3.11.0"
    mutation-observer "^1.0.3"
    svelte-fa "^2.2.1"
